
Microsoft Visual Studio Solution File, Format Version 12.00
# Visual Studio Version 17
VisualStudioVersion = 17.12.35707.178
MinimumVisualStudioVersion = 10.0.40219.1
Project("{FAE04EC0-301F-11D3-BF4B-00C04F79EFBC}") = "PredictionApp", "PredictionApp\PredictionApp.csproj", "{2627DCDC-D2D8-4381-9754-A9559BC52AB4}"
	ProjectSection(ProjectDependencies) = postProject
		{1A4C0D37-B865-4E72-B0B2-4E33BB7B8D95} = {1A4C0D37-B865-4E72-B0B2-4E33BB7B8D95}
		{9E043341-D3E3-46A2-A02B-7F579EBCBA18} = {9E043341-D3E3-46A2-A02B-7F579EBCBA18}
	EndProjectSection
EndProject
Project("{FAE04EC0-301F-11D3-BF4B-00C04F79EFBC}") = "PredictionApp.Domain", "PredictionApp.Domain\PredictionApp.Domain.csproj", "{1A4C0D37-B865-4E72-B0B2-4E33BB7B8D95}"
EndProject
Project("{FAE04EC0-301F-11D3-BF4B-00C04F79EFBC}") = "PredictionApp.Infrastructure", "PredictionApp.Infrastructure\PredictionApp.Infrastructure.csproj", "{9E043341-D3E3-46A2-A02B-7F579EBCBA18}"
	ProjectSection(ProjectDependencies) = postProject
		{1A4C0D37-B865-4E72-B0B2-4E33BB7B8D95} = {1A4C0D37-B865-4E72-B0B2-4E33BB7B8D95}
	EndProjectSection
EndProject
Global
	GlobalSection(SolutionConfigurationPlatforms) = preSolution
		Debug|Any CPU = Debug|Any CPU
		Release|Any CPU = Release|Any CPU
	EndGlobalSection
	GlobalSection(ProjectConfigurationPlatforms) = postSolution
		{2627DCDC-D2D8-4381-9754-A9559BC52AB4}.Debug|Any CPU.ActiveCfg = Debug|Any CPU
		{2627DCDC-D2D8-4381-9754-A9559BC52AB4}.Debug|Any CPU.Build.0 = Debug|Any CPU
		{2627DCDC-D2D8-4381-9754-A9559BC52AB4}.Release|Any CPU.ActiveCfg = Release|Any CPU
		{2627DCDC-D2D8-4381-9754-A9559BC52AB4}.Release|Any CPU.Build.0 = Release|Any CPU
		{1A4C0D37-B865-4E72-B0B2-4E33BB7B8D95}.Debug|Any CPU.ActiveCfg = Debug|Any CPU
		{1A4C0D37-B865-4E72-B0B2-4E33BB7B8D95}.Debug|Any CPU.Build.0 = Debug|Any CPU
		{1A4C0D37-B865-4E72-B0B2-4E33BB7B8D95}.Release|Any CPU.ActiveCfg = Release|Any CPU
		{1A4C0D37-B865-4E72-B0B2-4E33BB7B8D95}.Release|Any CPU.Build.0 = Release|Any CPU
		{9E043341-D3E3-46A2-A02B-7F579EBCBA18}.Debug|Any CPU.ActiveCfg = Debug|Any CPU
		{9E043341-D3E3-46A2-A02B-7F579EBCBA18}.Debug|Any CPU.Build.0 = Debug|Any CPU
		{9E043341-D3E3-46A2-A02B-7F579EBCBA18}.Release|Any CPU.ActiveCfg = Release|Any CPU
		{9E043341-D3E3-46A2-A02B-7F579EBCBA18}.Release|Any CPU.Build.0 = Release|Any CPU
	EndGlobalSection
	GlobalSection(SolutionProperties) = preSolution
		HideSolutionNode = FALSE
	EndGlobalSection
EndGlobal
